
Microsoft Visual Studio Solution File, Format Version 12.00
# Visual Studio Version 17
VisualStudioVersion = 17.9.34607.119
MinimumVisualStudioVersion = 10.0.40219.1
Project("{FAE04EC0-301F-11D3-BF4B-00C04F79EFBC}") = "DungeonOfDoom", "DungeonOfDoom.csproj", "{483CE263-DF57-4AA5-B960-873AACA5E1BC}"
EndProject
Global
	GlobalSection(SolutionConfigurationPlatforms) = preSolution
		Debug|Any CPU = Debug|Any CPU
		Release|Any CPU = Release|Any CPU
	EndGlobalSection
	GlobalSection(ProjectConfigurationPlatforms) = postSolution
		{483CE263-DF57-4AA5-B960-873AACA5E1BC}.Debug|Any CPU.ActiveCfg = Debug|Any CPU
		{483CE263-DF57-4AA5-B960-873AACA5E1BC}.Debug|Any CPU.Build.0 = Debug|Any CPU
		{483CE263-DF57-4AA5-B960-873AACA5E1BC}.Release|Any CPU.ActiveCfg = Release|Any CPU
		{483CE263-DF57-4AA5-B960-873AACA5E1BC}.Release|Any CPU.Build.0 = Release|Any CPU
	EndGlobalSection
	GlobalSection(SolutionProperties) = preSolution
		HideSolutionNode = FALSE
	EndGlobalSection
	GlobalSection(ExtensibilityGlobals) = postSolution
		SolutionGuid = {76EB910A-6285-406E-B6E6-A6AB5690D5D7}
	EndGlobalSection
EndGlobal
